
Microsoft Visual Studio Solution File, Format Version 12.00
# Visual Studio Version 16
VisualStudioVersion = 16.0.30804.86
MinimumVisualStudioVersion = 10.0.40219.1
Project("{FAE04EC0-301F-11D3-BF4B-00C04F79EFBC}") = "PCS", "PCS\PCS.csproj", "{2BB1153F-13DA-4598-B2C9-E887F3B9E221}"
EndProject
Global
	GlobalSection(SolutionConfigurationPlatforms) = preSolution
		Debug|Any CPU = Debug|Any CPU
		Release|Any CPU = Release|Any CPU
	EndGlobalSection
	GlobalSection(ProjectConfigurationPlatforms) = postSolution
		{2BB1153F-13DA-4598-B2C9-E887F3B9E221}.Debug|Any CPU.ActiveCfg = Debug|Any CPU
		{2BB1153F-13DA-4598-B2C9-E887F3B9E221}.Debug|Any CPU.Build.0 = Debug|Any CPU
		{2BB1153F-13DA-4598-B2C9-E887F3B9E221}.Release|Any CPU.ActiveCfg = Release|Any CPU
		{2BB1153F-13DA-4598-B2C9-E887F3B9E221}.Release|Any CPU.Build.0 = Release|Any CPU
	EndGlobalSection
	GlobalSection(SolutionProperties) = preSolution
		HideSolutionNode = FALSE
	EndGlobalSection
	GlobalSection(ExtensibilityGlobals) = postSolution
		SolutionGuid = {7931E67D-A906-4E28-8079-0E64A65E6833}
	EndGlobalSection
EndGlobal
